
Microsoft Visual Studio Solution File, Format Version 12.00
# Visual Studio 15
VisualStudioVersion = 15.0.26430.6
MinimumVisualStudioVersion = 10.0.40219.1
Project("{FAE04EC0-301F-11D3-BF4B-00C04F79EFBC}") = "MiniTotalCommander", "MiniTotalCommander\MiniTotalCommander.csproj", "{5296C97B-5C7B-4190-B74A-670843434C04}"
EndProject
Global
	GlobalSection(SolutionConfigurationPlatforms) = preSolution
		Debug|Any CPU = Debug|Any CPU
		Release|Any CPU = Release|Any CPU
	EndGlobalSection
	GlobalSection(ProjectConfigurationPlatforms) = postSolution
		{5296C97B-5C7B-4190-B74A-670843434C04}.Debug|Any CPU.ActiveCfg = Debug|Any CPU
		{5296C97B-5C7B-4190-B74A-670843434C04}.Debug|Any CPU.Build.0 = Debug|Any CPU
		{5296C97B-5C7B-4190-B74A-670843434C04}.Release|Any CPU.ActiveCfg = Release|Any CPU
		{5296C97B-5C7B-4190-B74A-670843434C04}.Release|Any CPU.Build.0 = Release|Any CPU
	EndGlobalSection
	GlobalSection(SolutionProperties) = preSolution
		HideSolutionNode = FALSE
	EndGlobalSection
EndGlobal
